{
  "name": "basic-chat",
  "version": "1.0.0",
  "lockfileVersion": 1,
  "requires": true,
  "dependencies": {
    "@holo-host/hclient": {
      "version": "0.2.8",
      "resolved": "https://registry.npmjs.org/@holo-host/hclient/-/hclient-0.2.8.tgz",
      "integrity": "sha512-WmW00UovWT0KM0dyaE93uNibG8FVlSEiz/hUSlSbgheI/uWP6xW3182SdWqbVIGLM9OZzNQ9PyeZVjxkMnL9nw==",
      "requires": {
        "@holochain/hcid-js": "0.0.5",
        "dialog-polyfill": "^0.4.10",
        "jquery": "^3.3.1",
        "libsodium-wrappers-sumo": "^0.7.4",
        "msgpack-lite": "^0.1.26"
      }
    },
    "@holochain/hcid-js": {
      "version": "0.0.5",
      "resolved": "https://registry.npmjs.org/@holochain/hcid-js/-/hcid-js-0.0.5.tgz",
      "integrity": "sha512-55ehnALVASaQTIHdLSbCFYKIBHiSElhj5U4KfiqpCwNPuyQCBgWK/1D9JW254ci626IUcPvJDo7Wljmgb9fwwQ==",
      "requires": {
        "text-encoding": "^0.7.0"
      }
    },
    "dialog-polyfill": {
      "version": "0.4.10",
      "resolved": "https://registry.npmjs.org/dialog-polyfill/-/dialog-polyfill-0.4.10.tgz",
      "integrity": "sha512-j5yGMkP8T00UFgyO+78OxiN5vC5dzRQF3BEio+LhNvDbyfxWBsi3sfPArDm54VloaJwy2hm3erEiDWqHRC8rzw=="
    },
    "event-lite": {
      "version": "0.1.2",
      "resolved": "https://registry.npmjs.org/event-lite/-/event-lite-0.1.2.tgz",
      "integrity": "sha512-HnSYx1BsJ87/p6swwzv+2v6B4X+uxUteoDfRxsAb1S1BePzQqOLevVmkdA15GHJVd9A9Ok6wygUR18Hu0YeV9g=="
    },
    "ieee754": {
      "version": "1.1.12",
      "resolved": "https://registry.npmjs.org/ieee754/-/ieee754-1.1.12.tgz",
      "integrity": "sha512-GguP+DRY+pJ3soyIiGPTvdiVXjZ+DbXOxGpXn3eMvNW4x4irjqXm4wHKscC+TfxSJ0yw/S1F24tqdMNsMZTiLA=="
    },
    "int64-buffer": {
      "version": "0.1.10",
      "resolved": "https://registry.npmjs.org/int64-buffer/-/int64-buffer-0.1.10.tgz",
      "integrity": "sha1-J3siiofZWtd30HwTgyAiQGpHNCM="
    },
    "isarray": {
      "version": "1.0.0",
      "resolved": "https://registry.npmjs.org/isarray/-/isarray-1.0.0.tgz",
      "integrity": "sha1-u5NdSFgsuhaMBoNJV6VKPgcSTxE="
    },
    "jquery": {
      "version": "3.3.1",
      "resolved": "https://registry.npmjs.org/jquery/-/jquery-3.3.1.tgz",
      "integrity": "sha512-Ubldcmxp5np52/ENotGxlLe6aGMvmF4R8S6tZjsP6Knsaxd/xp3Zrh50cG93lR6nPXyUFwzN3ZSOQI0wRJNdGg=="
    },
    "libsodium-sumo": {
      "version": "0.7.4",
      "resolved": "https://registry.npmjs.org/libsodium-sumo/-/libsodium-sumo-0.7.4.tgz",
      "integrity": "sha512-xBQaiQ7X0pKmeT7+stva/JplcqdDzd3sag2nVC+UIenYg33w5QUihuZfI1+7JVODvCr4MXFsHm9lv+eIVrJALA=="
    },
    "libsodium-wrappers-sumo": {
      "version": "0.7.4",
      "resolved": "https://registry.npmjs.org/libsodium-wrappers-sumo/-/libsodium-wrappers-sumo-0.7.4.tgz",
      "integrity": "sha512-znWGEGMXru7uIilryz+FvOTrNfT7yK0+17yOqVqp6nRulB9fjfML3VtFKMShOyWjlPqrFFPgYyeVrFb9I2th3g==",
      "requires": {
        "libsodium-sumo": "0.7.4"
      }
    },
    "msgpack-lite": {
      "version": "0.1.26",
      "resolved": "https://registry.npmjs.org/msgpack-lite/-/msgpack-lite-0.1.26.tgz",
      "integrity": "sha1-3TxQsm8FnyXn7e42REGDWOKprYk=",
      "requires": {
        "event-lite": "^0.1.1",
        "ieee754": "^1.1.8",
        "int64-buffer": "^0.1.9",
        "isarray": "^1.0.0"
      }
    },
    "text-encoding": {
      "version": "0.7.0",
      "resolved": "https://registry.npmjs.org/text-encoding/-/text-encoding-0.7.0.tgz",
      "integrity": "sha512-oJQ3f1hrOnbRLOcwKz0Liq2IcrvDeZRHXhd9RgLrsT+DjWY/nty1Hi7v3dtkaEYbPYe0mUoOfzRrMwfXXwgPUA=="
    }
  }
}
